
Microsoft Visual Studio Solution File, Format Version 12.00
# Visual Studio Version 16
VisualStudioVersion = 16.0.31129.286
MinimumVisualStudioVersion = 10.0.40219.1
Project("{FAE04EC0-301F-11D3-BF4B-00C04F79EFBC}") = "Metalogic.DataUtil", "Metalogic.DataUtil\Metalogic.DataUtil.csproj", "{12BE3E37-DB20-4891-9CC5-454BDD8BE8B5}"
EndProject
Project("{FAE04EC0-301F-11D3-BF4B-00C04F79EFBC}") = "Metalogic.UI", "Metalogic.UI\Metalogic.UI.csproj", "{2F409591-1B34-4529-BBD6-246C401250E1}"
	ProjectSection(ProjectDependencies) = postProject
		{90297947-6CF1-4FE1-9256-89573C3DA1C4} = {90297947-6CF1-4FE1-9256-89573C3DA1C4}
	EndProjectSection
EndProject
Project("{FAE04EC0-301F-11D3-BF4B-00C04F79EFBC}") = "Metalogic.UI.Header", "Metalogic.UI.Header\Metalogic.UI.Header.csproj", "{FCBD9CA5-B242-4E57-BD7F-D0827B799D47}"
EndProject
Project("{FAE04EC0-301F-11D3-BF4B-00C04F79EFBC}") = "DropboxUploader.Core", "DropboxUploader.Core\DropboxUploader.Core.csproj", "{90297947-6CF1-4FE1-9256-89573C3DA1C4}"
EndProject
Project("{FAE04EC0-301F-11D3-BF4B-00C04F79EFBC}") = "ConsoleApp1", "ConsoleApp1\ConsoleApp1.csproj", "{BCA23AED-C7F4-45E7-948E-2E61899A1A69}"
EndProject
Global
	GlobalSection(SolutionConfigurationPlatforms) = preSolution
		Debug|Any CPU = Debug|Any CPU
		Debug|Mixed Platforms = Debug|Mixed Platforms
		Debug|x86 = Debug|x86
		Release|Any CPU = Release|Any CPU
		Release|Mixed Platforms = Release|Mixed Platforms
		Release|x86 = Release|x86
	EndGlobalSection
	GlobalSection(ProjectConfigurationPlatforms) = postSolution
		{12BE3E37-DB20-4891-9CC5-454BDD8BE8B5}.Debug|Any CPU.ActiveCfg = Debug|Any CPU
		{12BE3E37-DB20-4891-9CC5-454BDD8BE8B5}.Debug|Any CPU.Build.0 = Debug|Any CPU
		{12BE3E37-DB20-4891-9CC5-454BDD8BE8B5}.Debug|Mixed Platforms.ActiveCfg = Debug|Any CPU
		{12BE3E37-DB20-4891-9CC5-454BDD8BE8B5}.Debug|Mixed Platforms.Build.0 = Debug|Any CPU
		{12BE3E37-DB20-4891-9CC5-454BDD8BE8B5}.Debug|x86.ActiveCfg = Debug|Any CPU
		{12BE3E37-DB20-4891-9CC5-454BDD8BE8B5}.Release|Any CPU.ActiveCfg = Release|Any CPU
		{12BE3E37-DB20-4891-9CC5-454BDD8BE8B5}.Release|Any CPU.Build.0 = Release|Any CPU
		{12BE3E37-DB20-4891-9CC5-454BDD8BE8B5}.Release|Mixed Platforms.ActiveCfg = Release|Any CPU
		{12BE3E37-DB20-4891-9CC5-454BDD8BE8B5}.Release|Mixed Platforms.Build.0 = Release|Any CPU
		{12BE3E37-DB20-4891-9CC5-454BDD8BE8B5}.Release|x86.ActiveCfg = Release|Any CPU
		{2F409591-1B34-4529-BBD6-246C401250E1}.Debug|Any CPU.ActiveCfg = Debug|Any CPU
		{2F409591-1B34-4529-BBD6-246C401250E1}.Debug|Any CPU.Build.0 = Debug|Any CPU
		{2F409591-1B34-4529-BBD6-246C401250E1}.Debug|Mixed Platforms.ActiveCfg = Debug|Any CPU
		{2F409591-1B34-4529-BBD6-246C401250E1}.Debug|Mixed Platforms.Build.0 = Debug|Any CPU
		{2F409591-1B34-4529-BBD6-246C401250E1}.Debug|x86.ActiveCfg = Debug|Any CPU
		{2F409591-1B34-4529-BBD6-246C401250E1}.Release|Any CPU.ActiveCfg = Release|Any CPU
		{2F409591-1B34-4529-BBD6-246C401250E1}.Release|Any CPU.Build.0 = Release|Any CPU
		{2F409591-1B34-4529-BBD6-246C401250E1}.Release|Mixed Platforms.ActiveCfg = Release|Any CPU
		{2F409591-1B34-4529-BBD6-246C401250E1}.Release|Mixed Platforms.Build.0 = Release|Any CPU
		{2F409591-1B34-4529-BBD6-246C401250E1}.Release|x86.ActiveCfg = Release|Any CPU
		{FCBD9CA5-B242-4E57-BD7F-D0827B799D47}.Debug|Any CPU.ActiveCfg = Debug|Any CPU
		{FCBD9CA5-B242-4E57-BD7F-D0827B799D47}.Debug|Any CPU.Build.0 = Debug|Any CPU
		{FCBD9CA5-B242-4E57-BD7F-D0827B799D47}.Debug|Mixed Platforms.ActiveCfg = Debug|Any CPU
		{FCBD9CA5-B242-4E57-BD7F-D0827B799D47}.Debug|Mixed Platforms.Build.0 = Debug|Any CPU
		{FCBD9CA5-B242-4E57-BD7F-D0827B799D47}.Debug|x86.ActiveCfg = Debug|Any CPU
		{FCBD9CA5-B242-4E57-BD7F-D0827B799D47}.Release|Any CPU.ActiveCfg = Release|Any CPU
		{FCBD9CA5-B242-4E57-BD7F-D0827B799D47}.Release|Any CPU.Build.0 = Release|Any CPU
		{FCBD9CA5-B242-4E57-BD7F-D0827B799D47}.Release|Mixed Platforms.ActiveCfg = Release|Any CPU
		{FCBD9CA5-B242-4E57-BD7F-D0827B799D47}.Release|Mixed Platforms.Build.0 = Release|Any CPU
		{FCBD9CA5-B242-4E57-BD7F-D0827B799D47}.Release|x86.ActiveCfg = Release|Any CPU
		{90297947-6CF1-4FE1-9256-89573C3DA1C4}.Debug|Any CPU.ActiveCfg = Debug|Any CPU
		{90297947-6CF1-4FE1-9256-89573C3DA1C4}.Debug|Any CPU.Build.0 = Debug|Any CPU
		{90297947-6CF1-4FE1-9256-89573C3DA1C4}.Debug|Mixed Platforms.ActiveCfg = Debug|Any CPU
		{90297947-6CF1-4FE1-9256-89573C3DA1C4}.Debug|Mixed Platforms.Build.0 = Debug|Any CPU
		{90297947-6CF1-4FE1-9256-89573C3DA1C4}.Debug|x86.ActiveCfg = Debug|Any CPU
		{90297947-6CF1-4FE1-9256-89573C3DA1C4}.Debug|x86.Build.0 = Debug|Any CPU
		{90297947-6CF1-4FE1-9256-89573C3DA1C4}.Release|Any CPU.ActiveCfg = Release|Any CPU
		{90297947-6CF1-4FE1-9256-89573C3DA1C4}.Release|Any CPU.Build.0 = Release|Any CPU
		{90297947-6CF1-4FE1-9256-89573C3DA1C4}.Release|Mixed Platforms.ActiveCfg = Release|Any CPU
		{90297947-6CF1-4FE1-9256-89573C3DA1C4}.Release|Mixed Platforms.Build.0 = Release|Any CPU
		{90297947-6CF1-4FE1-9256-89573C3DA1C4}.Release|x86.ActiveCfg = Release|Any CPU
		{90297947-6CF1-4FE1-9256-89573C3DA1C4}.Release|x86.Build.0 = Release|Any CPU
		{BCA23AED-C7F4-45E7-948E-2E61899A1A69}.Debug|Any CPU.ActiveCfg = Debug|Any CPU
		{BCA23AED-C7F4-45E7-948E-2E61899A1A69}.Debug|Any CPU.Build.0 = Debug|Any CPU
		{BCA23AED-C7F4-45E7-948E-2E61899A1A69}.Debug|Mixed Platforms.ActiveCfg = Debug|Any CPU
		{BCA23AED-C7F4-45E7-948E-2E61899A1A69}.Debug|Mixed Platforms.Build.0 = Debug|Any CPU
		{BCA23AED-C7F4-45E7-948E-2E61899A1A69}.Debug|x86.ActiveCfg = Debug|Any CPU
		{BCA23AED-C7F4-45E7-948E-2E61899A1A69}.Debug|x86.Build.0 = Debug|Any CPU
		{BCA23AED-C7F4-45E7-948E-2E61899A1A69}.Release|Any CPU.ActiveCfg = Release|Any CPU
		{BCA23AED-C7F4-45E7-948E-2E61899A1A69}.Release|Any CPU.Build.0 = Release|Any CPU
		{BCA23AED-C7F4-45E7-948E-2E61899A1A69}.Release|Mixed Platforms.ActiveCfg = Release|Any CPU
		{BCA23AED-C7F4-45E7-948E-2E61899A1A69}.Release|Mixed Platforms.Build.0 = Release|Any CPU
		{BCA23AED-C7F4-45E7-948E-2E61899A1A69}.Release|x86.ActiveCfg = Release|Any CPU
		{BCA23AED-C7F4-45E7-948E-2E61899A1A69}.Release|x86.Build.0 = Release|Any CPU
	EndGlobalSection
	GlobalSection(SolutionProperties) = preSolution
		HideSolutionNode = FALSE
	EndGlobalSection
	GlobalSection(ExtensibilityGlobals) = postSolution
		SolutionGuid = {AC889FDF-A92F-48D0-BB46-E761285389E6}
	EndGlobalSection
EndGlobal
